
Microsoft Visual Studio Solution File, Format Version 12.00
# Visual Studio Version 17
VisualStudioVersion = 17.1.32228.430
MinimumVisualStudioVersion = 15.0.26124.0
Project("{2150E333-8FDC-42A3-9474-1A3956D46DE8}") = "src", "src", "{10B83B43-B851-4B70-B2C3-1CF4E507235E}"
EndProject
Project("{9A19103F-16F7-4668-BE54-9A1E7A4F7556}") = "Insurance.Api", "src\Insurance.Api\Insurance.Api.csproj", "{0633C3FD-55EE-438F-9897-37915CF88F76}"
EndProject
Project("{9A19103F-16F7-4668-BE54-9A1E7A4F7556}") = "Insurance.Tests", "tests\Insurance.Tests\Insurance.Tests.csproj", "{91B42B0F-9D5A-4E40-9803-CE3C455A1437}"
EndProject
Project("{2150E333-8FDC-42A3-9474-1A3956D46DE8}") = "tests", "tests", "{688513B6-F847-4834-8770-21037905B973}"
EndProject
Project("{2150E333-8FDC-42A3-9474-1A3956D46DE8}") = "1. Interface Layer", "1. Interface Layer", "{55FC429A-0004-4D6C-9123-98976D64664D}"
EndProject
Project("{2150E333-8FDC-42A3-9474-1A3956D46DE8}") = "2. Domain Layer", "2. Domain Layer", "{9B1A3585-C6D8-4427-ACC1-75475D8B275B}"
EndProject
Project("{2150E333-8FDC-42A3-9474-1A3956D46DE8}") = "3. Infrastructure Layer", "3. Infrastructure Layer", "{4F6D0617-6B42-4B2C-9FA8-9782E64FD68F}"
EndProject
Project("{2150E333-8FDC-42A3-9474-1A3956D46DE8}") = "4. Integration Layer", "4. Integration Layer", "{74FFA251-E1F6-435D-8BAC-61FF4E820127}"
EndProject
Project("{2150E333-8FDC-42A3-9474-1A3956D46DE8}") = "5. Shared Layer", "5. Shared Layer", "{7FDE590D-8635-40AA-A457-978177EE72FD}"
EndProject
Project("{FAE04EC0-301F-11D3-BF4B-00C04F79EFBC}") = "Insurance.Shared", "src\Insurance.Shared\Insurance.Shared.csproj", "{A9543126-1961-43E6-9858-8B1AAFC5FB37}"
EndProject
Project("{FAE04EC0-301F-11D3-BF4B-00C04F79EFBC}") = "Insurance.Integration.Product", "src\Insurance.Integration.Product\Insurance.Integration.Product.csproj", "{A3F006C8-F313-487D-A815-3F69B89E3844}"
EndProject
Project("{FAE04EC0-301F-11D3-BF4B-00C04F79EFBC}") = "Insurance.Infrastructure", "src\Insurance.Infrastructure\Insurance.Infrastructure.csproj", "{8A8A00A4-798B-40F6-90C6-4B285EE0FB93}"
EndProject
Project("{FAE04EC0-301F-11D3-BF4B-00C04F79EFBC}") = "Insurance.Core", "src\Insurance.Core\Insurance.Core.csproj", "{575CA5E1-A3EE-4F2B-A151-C38067B9EE89}"
EndProject
Global
	GlobalSection(SolutionConfigurationPlatforms) = preSolution
		Debug|Any CPU = Debug|Any CPU
		Debug|x64 = Debug|x64
		Debug|x86 = Debug|x86
		Release|Any CPU = Release|Any CPU
		Release|x64 = Release|x64
		Release|x86 = Release|x86
	EndGlobalSection
	GlobalSection(ProjectConfigurationPlatforms) = postSolution
		{0633C3FD-55EE-438F-9897-37915CF88F76}.Debug|Any CPU.ActiveCfg = Debug|Any CPU
		{0633C3FD-55EE-438F-9897-37915CF88F76}.Debug|Any CPU.Build.0 = Debug|Any CPU
		{0633C3FD-55EE-438F-9897-37915CF88F76}.Debug|x64.ActiveCfg = Debug|Any CPU
		{0633C3FD-55EE-438F-9897-37915CF88F76}.Debug|x64.Build.0 = Debug|Any CPU
		{0633C3FD-55EE-438F-9897-37915CF88F76}.Debug|x86.ActiveCfg = Debug|Any CPU
		{0633C3FD-55EE-438F-9897-37915CF88F76}.Debug|x86.Build.0 = Debug|Any CPU
		{0633C3FD-55EE-438F-9897-37915CF88F76}.Release|Any CPU.ActiveCfg = Release|Any CPU
		{0633C3FD-55EE-438F-9897-37915CF88F76}.Release|Any CPU.Build.0 = Release|Any CPU
		{0633C3FD-55EE-438F-9897-37915CF88F76}.Release|x64.ActiveCfg = Release|Any CPU
		{0633C3FD-55EE-438F-9897-37915CF88F76}.Release|x64.Build.0 = Release|Any CPU
		{0633C3FD-55EE-438F-9897-37915CF88F76}.Release|x86.ActiveCfg = Release|Any CPU
		{0633C3FD-55EE-438F-9897-37915CF88F76}.Release|x86.Build.0 = Release|Any CPU
		{91B42B0F-9D5A-4E40-9803-CE3C455A1437}.Debug|Any CPU.ActiveCfg = Debug|Any CPU
		{91B42B0F-9D5A-4E40-9803-CE3C455A1437}.Debug|Any CPU.Build.0 = Debug|Any CPU
		{91B42B0F-9D5A-4E40-9803-CE3C455A1437}.Debug|x64.ActiveCfg = Debug|Any CPU
		{91B42B0F-9D5A-4E40-9803-CE3C455A1437}.Debug|x64.Build.0 = Debug|Any CPU
		{91B42B0F-9D5A-4E40-9803-CE3C455A1437}.Debug|x86.ActiveCfg = Debug|Any CPU
		{91B42B0F-9D5A-4E40-9803-CE3C455A1437}.Debug|x86.Build.0 = Debug|Any CPU
		{91B42B0F-9D5A-4E40-9803-CE3C455A1437}.Release|Any CPU.ActiveCfg = Release|Any CPU
		{91B42B0F-9D5A-4E40-9803-CE3C455A1437}.Release|Any CPU.Build.0 = Release|Any CPU
		{91B42B0F-9D5A-4E40-9803-CE3C455A1437}.Release|x64.ActiveCfg = Release|Any CPU
		{91B42B0F-9D5A-4E40-9803-CE3C455A1437}.Release|x64.Build.0 = Release|Any CPU
		{91B42B0F-9D5A-4E40-9803-CE3C455A1437}.Release|x86.ActiveCfg = Release|Any CPU
		{91B42B0F-9D5A-4E40-9803-CE3C455A1437}.Release|x86.Build.0 = Release|Any CPU
		{A9543126-1961-43E6-9858-8B1AAFC5FB37}.Debug|Any CPU.ActiveCfg = Debug|Any CPU
		{A9543126-1961-43E6-9858-8B1AAFC5FB37}.Debug|Any CPU.Build.0 = Debug|Any CPU
		{A9543126-1961-43E6-9858-8B1AAFC5FB37}.Debug|x64.ActiveCfg = Debug|Any CPU
		{A9543126-1961-43E6-9858-8B1AAFC5FB37}.Debug|x64.Build.0 = Debug|Any CPU
		{A9543126-1961-43E6-9858-8B1AAFC5FB37}.Debug|x86.ActiveCfg = Debug|Any CPU
		{A9543126-1961-43E6-9858-8B1AAFC5FB37}.Debug|x86.Build.0 = Debug|Any CPU
		{A9543126-1961-43E6-9858-8B1AAFC5FB37}.Release|Any CPU.ActiveCfg = Release|Any CPU
		{A9543126-1961-43E6-9858-8B1AAFC5FB37}.Release|Any CPU.Build.0 = Release|Any CPU
		{A9543126-1961-43E6-9858-8B1AAFC5FB37}.Release|x64.ActiveCfg = Release|Any CPU
		{A9543126-1961-43E6-9858-8B1AAFC5FB37}.Release|x64.Build.0 = Release|Any CPU
		{A9543126-1961-43E6-9858-8B1AAFC5FB37}.Release|x86.ActiveCfg = Release|Any CPU
		{A9543126-1961-43E6-9858-8B1AAFC5FB37}.Release|x86.Build.0 = Release|Any CPU
		{A3F006C8-F313-487D-A815-3F69B89E3844}.Debug|Any CPU.ActiveCfg = Debug|Any CPU
		{A3F006C8-F313-487D-A815-3F69B89E3844}.Debug|Any CPU.Build.0 = Debug|Any CPU
		{A3F006C8-F313-487D-A815-3F69B89E3844}.Debug|x64.ActiveCfg = Debug|Any CPU
		{A3F006C8-F313-487D-A815-3F69B89E3844}.Debug|x64.Build.0 = Debug|Any CPU
		{A3F006C8-F313-487D-A815-3F69B89E3844}.Debug|x86.ActiveCfg = Debug|Any CPU
		{A3F006C8-F313-487D-A815-3F69B89E3844}.Debug|x86.Build.0 = Debug|Any CPU
		{A3F006C8-F313-487D-A815-3F69B89E3844}.Release|Any CPU.ActiveCfg = Release|Any CPU
		{A3F006C8-F313-487D-A815-3F69B89E3844}.Release|Any CPU.Build.0 = Release|Any CPU
		{A3F006C8-F313-487D-A815-3F69B89E3844}.Release|x64.ActiveCfg = Release|Any CPU
		{A3F006C8-F313-487D-A815-3F69B89E3844}.Release|x64.Build.0 = Release|Any CPU
		{A3F006C8-F313-487D-A815-3F69B89E3844}.Release|x86.ActiveCfg = Release|Any CPU
		{A3F006C8-F313-487D-A815-3F69B89E3844}.Release|x86.Build.0 = Release|Any CPU
		{8A8A00A4-798B-40F6-90C6-4B285EE0FB93}.Debug|Any CPU.ActiveCfg = Debug|Any CPU
		{8A8A00A4-798B-40F6-90C6-4B285EE0FB93}.Debug|Any CPU.Build.0 = Debug|Any CPU
		{8A8A00A4-798B-40F6-90C6-4B285EE0FB93}.Debug|x64.ActiveCfg = Debug|Any CPU
		{8A8A00A4-798B-40F6-90C6-4B285EE0FB93}.Debug|x64.Build.0 = Debug|Any CPU
		{8A8A00A4-798B-40F6-90C6-4B285EE0FB93}.Debug|x86.ActiveCfg = Debug|Any CPU
		{8A8A00A4-798B-40F6-90C6-4B285EE0FB93}.Debug|x86.Build.0 = Debug|Any CPU
		{8A8A00A4-798B-40F6-90C6-4B285EE0FB93}.Release|Any CPU.ActiveCfg = Release|Any CPU
		{8A8A00A4-798B-40F6-90C6-4B285EE0FB93}.Release|Any CPU.Build.0 = Release|Any CPU
		{8A8A00A4-798B-40F6-90C6-4B285EE0FB93}.Release|x64.ActiveCfg = Release|Any CPU
		{8A8A00A4-798B-40F6-90C6-4B285EE0FB93}.Release|x64.Build.0 = Release|Any CPU
		{8A8A00A4-798B-40F6-90C6-4B285EE0FB93}.Release|x86.ActiveCfg = Release|Any CPU
		{8A8A00A4-798B-40F6-90C6-4B285EE0FB93}.Release|x86.Build.0 = Release|Any CPU
		{575CA5E1-A3EE-4F2B-A151-C38067B9EE89}.Debug|Any CPU.ActiveCfg = Debug|Any CPU
		{575CA5E1-A3EE-4F2B-A151-C38067B9EE89}.Debug|Any CPU.Build.0 = Debug|Any CPU
		{575CA5E1-A3EE-4F2B-A151-C38067B9EE89}.Debug|x64.ActiveCfg = Debug|Any CPU
		{575CA5E1-A3EE-4F2B-A151-C38067B9EE89}.Debug|x64.Build.0 = Debug|Any CPU
		{575CA5E1-A3EE-4F2B-A151-C38067B9EE89}.Debug|x86.ActiveCfg = Debug|Any CPU
		{575CA5E1-A3EE-4F2B-A151-C38067B9EE89}.Debug|x86.Build.0 = Debug|Any CPU
		{575CA5E1-A3EE-4F2B-A151-C38067B9EE89}.Release|Any CPU.ActiveCfg = Release|Any CPU
		{575CA5E1-A3EE-4F2B-A151-C38067B9EE89}.Release|Any CPU.Build.0 = Release|Any CPU
		{575CA5E1-A3EE-4F2B-A151-C38067B9EE89}.Release|x64.ActiveCfg = Release|Any CPU
		{575CA5E1-A3EE-4F2B-A151-C38067B9EE89}.Release|x64.Build.0 = Release|Any CPU
		{575CA5E1-A3EE-4F2B-A151-C38067B9EE89}.Release|x86.ActiveCfg = Release|Any CPU
		{575CA5E1-A3EE-4F2B-A151-C38067B9EE89}.Release|x86.Build.0 = Release|Any CPU
	EndGlobalSection
	GlobalSection(SolutionProperties) = preSolution
		HideSolutionNode = FALSE
	EndGlobalSection
	GlobalSection(NestedProjects) = preSolution
		{0633C3FD-55EE-438F-9897-37915CF88F76} = {55FC429A-0004-4D6C-9123-98976D64664D}
		{91B42B0F-9D5A-4E40-9803-CE3C455A1437} = {688513B6-F847-4834-8770-21037905B973}
		{55FC429A-0004-4D6C-9123-98976D64664D} = {10B83B43-B851-4B70-B2C3-1CF4E507235E}
		{9B1A3585-C6D8-4427-ACC1-75475D8B275B} = {10B83B43-B851-4B70-B2C3-1CF4E507235E}
		{4F6D0617-6B42-4B2C-9FA8-9782E64FD68F} = {10B83B43-B851-4B70-B2C3-1CF4E507235E}
		{74FFA251-E1F6-435D-8BAC-61FF4E820127} = {10B83B43-B851-4B70-B2C3-1CF4E507235E}
		{7FDE590D-8635-40AA-A457-978177EE72FD} = {10B83B43-B851-4B70-B2C3-1CF4E507235E}
		{A9543126-1961-43E6-9858-8B1AAFC5FB37} = {7FDE590D-8635-40AA-A457-978177EE72FD}
		{A3F006C8-F313-487D-A815-3F69B89E3844} = {74FFA251-E1F6-435D-8BAC-61FF4E820127}
		{8A8A00A4-798B-40F6-90C6-4B285EE0FB93} = {4F6D0617-6B42-4B2C-9FA8-9782E64FD68F}
		{575CA5E1-A3EE-4F2B-A151-C38067B9EE89} = {9B1A3585-C6D8-4427-ACC1-75475D8B275B}
	EndGlobalSection
	GlobalSection(ExtensibilityGlobals) = postSolution
		SolutionGuid = {53CC911C-1CC4-4B17-A174-5325B3193BD5}
	EndGlobalSection
EndGlobal
